// !$*UTF8*$!
{
	archiveVersion = 1;
	classes = {
	};
	objectVersion = 50;
	objects = {

/* Begin PBXBuildFile section */
		3DE090A42B3754974D7CEBAC /* Pods_RoomieDataTester.framework in Frameworks */ = {isa = PBXBuildFile; fileRef = 1E3FE2878C8D4EEB85196398 /* Pods_RoomieDataTester.framework */; };
		8473D56B20C4B7FD00C663CE /* AppDelegate.swift in Sources */ = {isa = PBXBuildFile; fileRef = 8473D56A20C4B7FD00C663CE /* AppDelegate.swift */; };
		8473D56D20C4B7FD00C663CE /* ViewController.swift in Sources */ = {isa = PBXBuildFile; fileRef = 8473D56C20C4B7FD00C663CE /* ViewController.swift */; };
		8473D57020C4B7FD00C663CE /* Main.storyboard in Resources */ = {isa = PBXBuildFile; fileRef = 8473D56E20C4B7FD00C663CE /* Main.storyboard */; };
		8473D57220C4B80100C663CE /* Assets.xcassets in Resources */ = {isa = PBXBuildFile; fileRef = 8473D57120C4B80100C663CE /* Assets.xcassets */; };
		8473D57520C4B80100C663CE /* LaunchScreen.storyboard in Resources */ = {isa = PBXBuildFile; fileRef = 8473D57320C4B80100C663CE /* LaunchScreen.storyboard */; };
		8473D58020C4B80100C663CE /* RoomieDataTesterTests.swift in Sources */ = {isa = PBXBuildFile; fileRef = 8473D57F20C4B80100C663CE /* RoomieDataTesterTests.swift */; };
		8473D58B20C4B80100C663CE /* RoomieDataTesterUITests.swift in Sources */ = {isa = PBXBuildFile; fileRef = 8473D58A20C4B80100C663CE /* RoomieDataTesterUITests.swift */; };
		A54817E548B217F5F3614B92 /* Pods_RoomieDataTesterTests.framework in Frameworks */ = {isa = PBXBuildFile; fileRef = 5F292AE7EF418690449AB769 /* Pods_RoomieDataTesterTests.framework */; };
		A552684B72CDA6686F1FE966 /* Pods_RoomieDataTesterUITests.framework in Frameworks */ = {isa = PBXBuildFile; fileRef = AB66A296B4F1A30885CAD381 /* Pods_RoomieDataTesterUITests.framework */; };
/* End PBXBuildFile section */

/* Begin PBXContainerItemProxy section */
		8473D57C20C4B80100C663CE /* PBXContainerItemProxy */ = {
			isa = PBXContainerItemProxy;
			containerPortal = 8473D55F20C4B7FD00C663CE /* Project object */;
			proxyType = 1;
			remoteGlobalIDString = 8473D56620C4B7FD00C663CE;
			remoteInfo = RoomieDataTester;
		};
		8473D58720C4B80100C663CE /* PBXContainerItemProxy */ = {
			isa = PBXContainerItemProxy;
			containerPortal = 8473D55F20C4B7FD00C663CE /* Project object */;
			proxyType = 1;
			remoteGlobalIDString = 8473D56620C4B7FD00C663CE;
			remoteInfo = RoomieDataTester;
		};
/* End PBXContainerItemProxy section */

/* Begin PBXFileReference section */
		1E3FE2878C8D4EEB85196398 /* Pods_RoomieDataTester.framework */ = {isa = PBXFileReference; explicitFileType = wrapper.framework; includeInIndex = 0; path = Pods_RoomieDataTester.framework; sourceTree = BUILT_PRODUCTS_DIR; };
		2C544E9B102DAA694AB4C514 /* Pods-RoomieDataTesterUITests.debug.xcconfig */ = {isa = PBXFileReference; includeInIndex = 1; lastKnownFileType = text.xcconfig; name = "Pods-RoomieDataTesterUITests.debug.xcconfig"; path = "Pods/Target Support Files/Pods-RoomieDataTesterUITests/Pods-RoomieDataTesterUITests.debug.xcconfig"; sourceTree = "<group>"; };
		5686A6B48D5BE06AB4236A3F /* Pods-RoomieDataTesterTests.release.xcconfig */ = {isa = PBXFileReference; includeInIndex = 1; lastKnownFileType = text.xcconfig; name = "Pods-RoomieDataTesterTests.release.xcconfig"; path = "Pods/Target Support Files/Pods-RoomieDataTesterTests/Pods-RoomieDataTesterTests.release.xcconfig"; sourceTree = "<group>"; };
		5F292AE7EF418690449AB769 /* Pods_RoomieDataTesterTests.framework */ = {isa = PBXFileReference; explicitFileType = wrapper.framework; includeInIndex = 0; path = Pods_RoomieDataTesterTests.framework; sourceTree = BUILT_PRODUCTS_DIR; };
		69583DB423A210C25F77574F /* Pods-RoomieDataTester.release.xcconfig */ = {isa = PBXFileReference; includeInIndex = 1; lastKnownFileType = text.xcconfig; name = "Pods-RoomieDataTester.release.xcconfig"; path = "Pods/Target Support Files/Pods-RoomieDataTester/Pods-RoomieDataTester.release.xcconfig"; sourceTree = "<group>"; };
		6D6D9EC5A7E242DEE89611A5 /* Pods-RoomieDataTester.debug.xcconfig */ = {isa = PBXFileReference; includeInIndex = 1; lastKnownFileType = text.xcconfig; name = "Pods-RoomieDataTester.debug.xcconfig"; path = "Pods/Target Support Files/Pods-RoomieDataTester/Pods-RoomieDataTester.debug.xcconfig"; sourceTree = "<group>"; };
		8473D56720C4B7FD00C663CE /* RoomieDataTester.app */ = {isa = PBXFileReference; explicitFileType = wrapper.application; includeInIndex = 0; path = RoomieDataTester.app; sourceTree = BUILT_PRODUCTS_DIR; };
		8473D56A20C4B7FD00C663CE /* AppDelegate.swift */ = {isa = PBXFileReference; lastKnownFileType = sourcecode.swift; path = AppDelegate.swift; sourceTree = "<group>"; };
		8473D56C20C4B7FD00C663CE /* ViewController.swift */ = {isa = PBXFileReference; lastKnownFileType = sourcecode.swift; path = ViewController.swift; sourceTree = "<group>"; };
		8473D56F20C4B7FD00C663CE /* Base */ = {isa = PBXFileReference; lastKnownFileType = file.storyboard; name = Base; path = Base.lproj/Main.storyboard; sourceTree = "<group>"; };
		8473D57120C4B80100C663CE /* Assets.xcassets */ = {isa = PBXFileReference; lastKnownFileType = folder.assetcatalog; path = Assets.xcassets; sourceTree = "<group>"; };
		8473D57420C4B80100C663CE /* Base */ = {isa = PBXFileReference; lastKnownFileType = file.storyboard; name = Base; path = Base.lproj/LaunchScreen.storyboard; sourceTree = "<group>"; };
		8473D57620C4B80100C663CE /* Info.plist */ = {isa = PBXFileReference; lastKnownFileType = text.plist.xml; path = Info.plist; sourceTree = "<group>"; };
		8473D57B20C4B80100C663CE /* RoomieDataTesterTests.xctest */ = {isa = PBXFileReference; explicitFileType = wrapper.cfbundle; includeInIndex = 0; path = RoomieDataTesterTests.xctest; sourceTree = BUILT_PRODUCTS_DIR; };
		8473D57F20C4B80100C663CE /* RoomieDataTesterTests.swift */ = {isa = PBXFileReference; lastKnownFileType = sourcecode.swift; path = RoomieDataTesterTests.swift; sourceTree = "<group>"; };
		8473D58120C4B80100C663CE /* Info.plist */ = {isa = PBXFileReference; lastKnownFileType = text.plist.xml; path = Info.plist; sourceTree = "<group>"; };
		8473D58620C4B80100C663CE /* RoomieDataTesterUITests.xctest */ = {isa = PBXFileReference; explicitFileType = wrapper.cfbundle; includeInIndex = 0; path = RoomieDataTesterUITests.xctest; sourceTree = BUILT_PRODUCTS_DIR; };
		8473D58A20C4B80100C663CE /* RoomieDataTesterUITests.swift */ = {isa = PBXFileReference; lastKnownFileType = sourcecode.swift; path = RoomieDataTesterUITests.swift; sourceTree = "<group>"; };
		8473D58C20C4B80100C663CE /* Info.plist */ = {isa = PBXFileReference; lastKnownFileType = text.plist.xml; path = Info.plist; sourceTree = "<group>"; };
		878E479E29F00F1D9E661698 /* Pods-RoomieDataTesterTests.debug.xcconfig */ = {isa = PBXFileReference; includeInIndex = 1; lastKnownFileType = text.xcconfig; name = "Pods-RoomieDataTesterTests.debug.xcconfig"; path = "Pods/Target Support Files/Pods-RoomieDataTesterTests/Pods-RoomieDataTesterTests.debug.xcconfig"; sourceTree = "<group>"; };
		A7D98A4C09E2FB1227B9F61D /* Pods-RoomieDataTesterUITests.release.xcconfig */ = {isa = PBXFileReference; includeInIndex = 1; lastKnownFileType = text.xcconfig; name = "Pods-RoomieDataTesterUITests.release.xcconfig"; path = "Pods/Target Support Files/Pods-RoomieDataTesterUITests/Pods-RoomieDataTesterUITests.release.xcconfig"; sourceTree = "<group>"; };
		AB66A296B4F1A30885CAD381 /* Pods_RoomieDataTesterUITests.framework */ = {isa = PBXFileReference; explicitFileType = wrapper.framework; includeInIndex = 0; path = Pods_RoomieDataTesterUITests.framework; sourceTree = BUILT_PRODUCTS_DIR; };
/* End PBXFileReference section */

/* Begin PBXFrameworksBuildPhase section */
		8473D56420C4B7FD00C663CE /* Frameworks */ = {
			isa = PBXFrameworksBuildPhase;
			buildActionMask = 2147483647;
			files = (
				3DE090A42B3754974D7CEBAC /* Pods_RoomieDataTester.framework in Frameworks */,
			);
			runOnlyForDeploymentPostprocessing = 0;
		};
		8473D57820C4B80100C663CE /* Frameworks */ = {
			isa = PBXFrameworksBuildPhase;
			buildActionMask = 2147483647;
			files = (
				A54817E548B217F5F3614B92 /* Pods_RoomieDataTesterTests.framework in Frameworks */,
			);
			runOnlyForDeploymentPostprocessing = 0;
		};
		8473D58320C4B80100C663CE /* Frameworks */ = {
			isa = PBXFrameworksBuildPhase;
			buildActionMask = 2147483647;
			files = (
				A552684B72CDA6686F1FE966 /* Pods_RoomieDataTesterUITests.framework in Frameworks */,
			);
			runOnlyForDeploymentPostprocessing = 0;
		};
/* End PBXFrameworksBuildPhase section */

/* Begin PBXGroup section */
		4DBFDAC0BD38B7F63FE23A0C /* Frameworks */ = {
			isa = PBXGroup;
			children = (
				1E3FE2878C8D4EEB85196398 /* Pods_RoomieDataTester.framework */,
				5F292AE7EF418690449AB769 /* Pods_RoomieDataTesterTests.framework */,
				AB66A296B4F1A30885CAD381 /* Pods_RoomieDataTesterUITests.framework */,
			);
			name = Frameworks;
			sourceTree = "<group>";
		};
		8473D55E20C4B7FD00C663CE = {
			isa = PBXGroup;
			children = (
				8473D56920C4B7FD00C663CE /* RoomieDataTester */,
				8473D57E20C4B80100C663CE /* RoomieDataTesterTests */,
				8473D58920C4B80100C663CE /* RoomieDataTesterUITests */,
				8473D56820C4B7FD00C663CE /* Products */,
				FEBDCA7038C39AF6C75E48A0 /* Pods */,
				4DBFDAC0BD38B7F63FE23A0C /* Frameworks */,
			);
			sourceTree = "<group>";
		};
		8473D56820C4B7FD00C663CE /* Products */ = {
			isa = PBXGroup;
			children = (
				8473D56720C4B7FD00C663CE /* RoomieDataTester.app */,
				8473D57B20C4B80100C663CE /* RoomieDataTesterTests.xctest */,
				8473D58620C4B80100C663CE /* RoomieDataTesterUITests.xctest */,
			);
			name = Products;
			sourceTree = "<group>";
		};
		8473D56920C4B7FD00C663CE /* RoomieDataTester */ = {
			isa = PBXGroup;
			children = (
				8473D56A20C4B7FD00C663CE /* AppDelegate.swift */,
				8473D56C20C4B7FD00C663CE /* ViewController.swift */,
				8473D56E20C4B7FD00C663CE /* Main.storyboard */,
				8473D57120C4B80100C663CE /* Assets.xcassets */,
				8473D57320C4B80100C663CE /* LaunchScreen.storyboard */,
				8473D57620C4B80100C663CE /* Info.plist */,
			);
			path = RoomieDataTester;
			sourceTree = "<group>";
		};
		8473D57E20C4B80100C663CE /* RoomieDataTesterTests */ = {
			isa = PBXGroup;
			children = (
				8473D57F20C4B80100C663CE /* RoomieDataTesterTests.swift */,
				8473D58120C4B80100C663CE /* Info.plist */,
			);
			path = RoomieDataTesterTests;
			sourceTree = "<group>";
		};
		8473D58920C4B80100C663CE /* RoomieDataTesterUITests */ = {
			isa = PBXGroup;
			children = (
				8473D58A20C4B80100C663CE /* RoomieDataTesterUITests.swift */,
				8473D58C20C4B80100C663CE /* Info.plist */,
			);
			path = RoomieDataTesterUITests;
			sourceTree = "<group>";
		};
		FEBDCA7038C39AF6C75E48A0 /* Pods */ = {
			isa = PBXGroup;
			children = (
				6D6D9EC5A7E242DEE89611A5 /* Pods-RoomieDataTester.debug.xcconfig */,
				69583DB423A210C25F77574F /* Pods-RoomieDataTester.release.xcconfig */,
				878E479E29F00F1D9E661698 /* Pods-RoomieDataTesterTests.debug.xcconfig */,
				5686A6B48D5BE06AB4236A3F /* Pods-RoomieDataTesterTests.release.xcconfig */,
				2C544E9B102DAA694AB4C514 /* Pods-RoomieDataTesterUITests.debug.xcconfig */,
				A7D98A4C09E2FB1227B9F61D /* Pods-RoomieDataTesterUITests.release.xcconfig */,
			);
			name = Pods;
			sourceTree = "<group>";
		};
/* End PBXGroup section */

/* Begin PBXNativeTarget section */
		8473D56620C4B7FD00C663CE /* RoomieDataTester */ = {
			isa = PBXNativeTarget;
			buildConfigurationList = 8473D58F20C4B80100C663CE /* Build configuration list for PBXNativeTarget "RoomieDataTester" */;
			buildPhases = (
				FCB2AAB4C77CF42586EFC2CA /* [CP] Check Pods Manifest.lock */,
				8473D56320C4B7FD00C663CE /* Sources */,
				8473D56420C4B7FD00C663CE /* Frameworks */,
				8473D56520C4B7FD00C663CE /* Resources */,
				26F2329BFFF5406572C58335 /* [CP] Embed Pods Frameworks */,
			);
			buildRules = (
			);
			dependencies = (
			);
			name = RoomieDataTester;
			productName = RoomieDataTester;
			productReference = 8473D56720C4B7FD00C663CE /* RoomieDataTester.app */;
			productType = "com.apple.product-type.application";
		};
		8473D57A20C4B80100C663CE /* RoomieDataTesterTests */ = {
			isa = PBXNativeTarget;
			buildConfigurationList = 8473D59220C4B80100C663CE /* Build configuration list for PBXNativeTarget "RoomieDataTesterTests" */;
			buildPhases = (
				056F5D680EBCFF7B53C30B14 /* [CP] Check Pods Manifest.lock */,
				8473D57720C4B80100C663CE /* Sources */,
				8473D57820C4B80100C663CE /* Frameworks */,
				8473D57920C4B80100C663CE /* Resources */,
			);
			buildRules = (
			);
			dependencies = (
				8473D57D20C4B80100C663CE /* PBXTargetDependency */,
			);
			name = RoomieDataTesterTests;
			productName = RoomieDataTesterTests;
			productReference = 8473D57B20C4B80100C663CE /* RoomieDataTesterTests.xctest */;
			productType = "com.apple.product-type.bundle.unit-test";
		};
		8473D58520C4B80100C663CE /* RoomieDataTesterUITests */ = {
			isa = PBXNativeTarget;
			buildConfigurationList = 8473D59520C4B80100C663CE /* Build configuration list for PBXNativeTarget "RoomieDataTesterUITests" */;
			buildPhases = (
				99426894773C912C66C482E4 /* [CP] Check Pods Manifest.lock */,
				8473D58220C4B80100C663CE /* Sources */,
				8473D58320C4B80100C663CE /* Frameworks */,
				8473D58420C4B80100C663CE /* Resources */,
			);
			buildRules = (
			);
			dependencies = (
				8473D58820C4B80100C663CE /* PBXTargetDependency */,
			);
			name = RoomieDataTesterUITests;
			productName = RoomieDataTesterUITests;
			productReference = 8473D58620C4B80100C663CE /* RoomieDataTesterUITests.xctest */;
			productType = "com.apple.product-type.bundle.ui-testing";
		};
/* End PBXNativeTarget section */

/* Begin PBXProject section */
		8473D55F20C4B7FD00C663CE /* Project object */ = {
			isa = PBXProject;
			attributes = {
				LastSwiftUpdateCheck = 0930;
				LastUpgradeCheck = 0930;
				ORGANIZATIONNAME = "Zachary Richardson";
				TargetAttributes = {
					8473D56620C4B7FD00C663CE = {
						CreatedOnToolsVersion = 9.3.1;
					};
					8473D57A20C4B80100C663CE = {
						CreatedOnToolsVersion = 9.3.1;
						TestTargetID = 8473D56620C4B7FD00C663CE;
					};
					8473D58520C4B80100C663CE = {
						CreatedOnToolsVersion = 9.3.1;
						TestTargetID = 8473D56620C4B7FD00C663CE;
					};
				};
			};
			buildConfigurationList = 8473D56220C4B7FD00C663CE /* Build configuration list for PBXProject "RoomieDataTester" */;
			compatibilityVersion = "Xcode 9.3";
			developmentRegion = en;
			hasScannedForEncodings = 0;
			knownRegions = (
				en,
				Base,
			);
			mainGroup = 8473D55E20C4B7FD00C663CE;
			productRefGroup = 8473D56820C4B7FD00C663CE /* Products */;
			projectDirPath = "";
			projectRoot = "";
			targets = (
				8473D56620C4B7FD00C663CE /* RoomieDataTester */,
				8473D57A20C4B80100C663CE /* RoomieDataTesterTests */,
				8473D58520C4B80100C663CE /* RoomieDataTesterUITests */,
			);
		};
/* End PBXProject section */

/* Begin PBXResourcesBuildPhase section */
		8473D56520C4B7FD00C663CE /* Resources */ = {
			isa = PBXResourcesBuildPhase;
			buildActionMask = 2147483647;
			files = (
				8473D57520C4B80100C663CE /* LaunchScreen.storyboard in Resources */,
				8473D57220C4B80100C663CE /* Assets.xcassets in Resources */,
				8473D57020C4B7FD00C663CE /* Main.storyboard in Resources */,
			);
			runOnlyForDeploymentPostprocessing = 0;
		};
		8473D57920C4B80100C663CE /* Resources */ = {
			isa = PBXResourcesBuildPhase;
			buildActionMask = 2147483647;
			files = (
			);
			runOnlyForDeploymentPostprocessing = 0;
		};
		8473D58420C4B80100C663CE /* Resources */ = {
			isa = PBXResourcesBuildPhase;
			buildActionMask = 2147483647;
			files = (
			);
			runOnlyForDeploymentPostprocessing = 0;
		};
/* End PBXResourcesBuildPhase section */

/* Begin PBXShellScriptBuildPhase section */
		056F5D680EBCFF7B53C30B14 /* [CP] Check Pods Manifest.lock */ = {
			isa = PBXShellScriptBuildPhase;
			buildActionMask = 2147483647;
			files = (
			);
			inputPaths = (
				"${PODS_PODFILE_DIR_PATH}/Podfile.lock",
				"${PODS_ROOT}/Manifest.lock",
			);
			name = "[CP] Check Pods Manifest.lock";
			outputPaths = (
				"$(DERIVED_FILE_DIR)/Pods-RoomieDataTesterTests-checkManifestLockResult.txt",
			);
			runOnlyForDeploymentPostprocessing = 0;
			shellPath = /bin/sh;
			shellScript = "diff \"${PODS_PODFILE_DIR_PATH}/Podfile.lock\" \"${PODS_ROOT}/Manifest.lock\" > /dev/null\nif [ $? != 0 ] ; then\n    # print error to STDERR\n    echo \"error: The sandbox is not in sync with the Podfile.lock. Run 'pod install' or update your CocoaPods installation.\" >&2\n    exit 1\nfi\n# This output is used by Xcode 'outputs' to avoid re-running this script phase.\necho \"SUCCESS\" > \"${SCRIPT_OUTPUT_FILE_0}\"\n";
			showEnvVarsInLog = 0;
		};
		26F2329BFFF5406572C58335 /* [CP] Embed Pods Frameworks */ = {
			isa = PBXShellScriptBuildPhase;
			buildActionMask = 2147483647;
			files = (
			);
			inputPaths = (
				"${SRCROOT}/Pods/Target Support Files/Pods-RoomieDataTester/Pods-RoomieDataTester-frameworks.sh",
				"${BUILT_PRODUCTS_DIR}/GTMSessionFetcher/GTMSessionFetcher.framework",
				"${BUILT_PRODUCTS_DIR}/GoogleToolboxForMac/GoogleToolboxForMac.framework",
				"${BUILT_PRODUCTS_DIR}/leveldb-library/leveldb.framework",
				"${BUILT_PRODUCTS_DIR}/nanopb/nanopb.framework",
			);
			name = "[CP] Embed Pods Frameworks";
			outputPaths = (
				"${TARGET_BUILD_DIR}/${FRAMEWORKS_FOLDER_PATH}/GTMSessionFetcher.framework",
				"${TARGET_BUILD_DIR}/${FRAMEWORKS_FOLDER_PATH}/GoogleToolboxForMac.framework",
				"${TARGET_BUILD_DIR}/${FRAMEWORKS_FOLDER_PATH}/leveldb.framework",
				"${TARGET_BUILD_DIR}/${FRAMEWORKS_FOLDER_PATH}/nanopb.framework",
			);
			runOnlyForDeploymentPostprocessing = 0;
			shellPath = /bin/sh;
			shellScript = "\"${SRCROOT}/Pods/Target Support Files/Pods-RoomieDataTester/Pods-RoomieDataTester-frameworks.sh\"\n";
			showEnvVarsInLog = 0;
		};
		99426894773C912C66C482E4 /* [CP] Check Pods Manifest.lock */ = {
			isa = PBXShellScriptBuildPhase;
			buildActionMask = 2147483647;
			files = (
			);
			inputPaths = (
				"${PODS_PODFILE_DIR_PATH}/Podfile.lock",
				"${PODS_ROOT}/Manifest.lock",
			);
			name = "[CP] Check Pods Manifest.lock";
			outputPaths = (
				"$(DERIVED_FILE_DIR)/Pods-RoomieDataTesterUITests-checkManifestLockResult.txt",
			);
			runOnlyForDeploymentPostprocessing = 0;
			shellPath = /bin/sh;
			shellScript = "diff \"${PODS_PODFILE_DIR_PATH}/Podfile.lock\" \"${PODS_ROOT}/Manifest.lock\" > /dev/null\nif [ $? != 0 ] ; then\n    # print error to STDERR\n    echo \"error: The sandbox is not in sync with the Podfile.lock. Run 'pod install' or update your CocoaPods installation.\" >&2\n    exit 1\nfi\n# This output is used by Xcode 'outputs' to avoid re-running this script phase.\necho \"SUCCESS\" > \"${SCRIPT_OUTPUT_FILE_0}\"\n";
			showEnvVarsInLog = 0;
		};
		FCB2AAB4C77CF42586EFC2CA /* [CP] Check Pods Manifest.lock */ = {
			isa = PBXShellScriptBuildPhase;
			buildActionMask = 2147483647;
			files = (
			);
			inputPaths = (
				"${PODS_PODFILE_DIR_PATH}/Podfile.lock",
				"${PODS_ROOT}/Manifest.lock",
			);
			name = "[CP] Check Pods Manifest.lock";
			outputPaths = (
				"$(DERIVED_FILE_DIR)/Pods-RoomieDataTester-checkManifestLockResult.txt",
			);
			runOnlyForDeploymentPostprocessing = 0;
			shellPath = /bin/sh;
			shellScript = "diff \"${PODS_PODFILE_DIR_PATH}/Podfile.lock\" \"${PODS_ROOT}/Manifest.lock\" > /dev/null\nif [ $? != 0 ] ; then\n    # print error to STDERR\n    echo \"error: The sandbox is not in sync with the Podfile.lock. Run 'pod install' or update your CocoaPods installation.\" >&2\n    exit 1\nfi\n# This output is used by Xcode 'outputs' to avoid re-running this script phase.\necho \"SUCCESS\" > \"${SCRIPT_OUTPUT_FILE_0}\"\n";
			showEnvVarsInLog = 0;
		};
/* End PBXShellScriptBuildPhase section */

/* Begin PBXSourcesBuildPhase section */
		8473D56320C4B7FD00C663CE /* Sources */ = {
			isa = PBXSourcesBuildPhase;
			buildActionMask = 2147483647;
			files = (
				8473D56D20C4B7FD00C663CE /* ViewController.swift in Sources */,
				8473D56B20C4B7FD00C663CE /* AppDelegate.swift in Sources */,
			);
			runOnlyForDeploymentPostprocessing = 0;
		};
		8473D57720C4B80100C663CE /* Sources */ = {
			isa = PBXSourcesBuildPhase;
			buildActionMask = 2147483647;
			files = (
				8473D58020C4B80100C663CE /* RoomieDataTesterTests.swift in Sources */,
			);
			runOnlyForDeploymentPostprocessing = 0;
		};
		8473D58220C4B80100C663CE /* Sources */ = {
			isa = PBXSourcesBuildPhase;
			buildActionMask = 2147483647;
			files = (
				8473D58B20C4B80100C663CE /* RoomieDataTesterUITests.swift in Sources */,
			);
			runOnlyForDeploymentPostprocessing = 0;
		};
/* End PBXSourcesBuildPhase section */

/* Begin PBXTargetDependency section */
		8473D57D20C4B80100C663CE /* PBXTargetDependency */ = {
			isa = PBXTargetDependency;
			target = 8473D56620C4B7FD00C663CE /* RoomieDataTester */;
			targetProxy = 8473D57C20C4B80100C663CE /* PBXContainerItemProxy */;
		};
		8473D58820C4B80100C663CE /* PBXTargetDependency */ = {
			isa = PBXTargetDependency;
			target = 8473D56620C4B7FD00C663CE /* RoomieDataTester */;
			targetProxy = 8473D58720C4B80100C663CE /* PBXContainerItemProxy */;
		};
/* End PBXTargetDependency section */

/* Begin PBXVariantGroup section */
		8473D56E20C4B7FD00C663CE /* Main.storyboard */ = {
			isa = PBXVariantGroup;
			children = (
				8473D56F20C4B7FD00C663CE /* Base */,
			);
			name = Main.storyboard;
			sourceTree = "<group>";
		};
		8473D57320C4B80100C663CE /* LaunchScreen.storyboard */ = {
			isa = PBXVariantGroup;
			children = (
				8473D57420C4B80100C663CE /* Base */,
			);
			name = LaunchScreen.storyboard;
			sourceTree = "<group>";
		};
/* End PBXVariantGroup section */

/* Begin XCBuildConfiguration section */
		8473D58D20C4B80100C663CE /* Debug */ = {
			isa = XCBuildConfiguration;
			buildSettings = {
				ALWAYS_SEARCH_USER_PATHS = NO;
				CLANG_ANALYZER_NONNULL = YES;
				CLANG_ANALYZER_NUMBER_OBJECT_CONVERSION = YES_AGGRESSIVE;
				CLANG_CXX_LANGUAGE_STANDARD = "gnu++14";
				CLANG_CXX_LIBRARY = "libc++";
				CLANG_ENABLE_MODULES = YES;
				CLANG_ENABLE_OBJC_ARC = YES;
				CLANG_ENABLE_OBJC_WEAK = YES;
				CLANG_WARN_BLOCK_CAPTURE_AUTORELEASING = YES;
				CLANG_WARN_BOOL_CONVERSION = YES;
				CLANG_WARN_COMMA = YES;
				CLANG_WARN_CONSTANT_CONVERSION = YES;
				CLANG_WARN_DEPRECATED_OBJC_IMPLEMENTATIONS = YES;
				CLANG_WARN_DIRECT_OBJC_ISA_USAGE = YES_ERROR;
				CLANG_WARN_DOCUMENTATION_COMMENTS = YES;
				CLANG_WARN_EMPTY_BODY = YES;
				CLANG_WARN_ENUM_CONVERSION = YES;
				CLANG_WARN_INFINITE_RECURSION = YES;
				CLANG_WARN_INT_CONVERSION = YES;
				CLANG_WARN_NON_LITERAL_NULL_CONVERSION = YES;
				CLANG_WARN_OBJC_IMPLICIT_RETAIN_SELF = YES;
				CLANG_WARN_OBJC_LITERAL_CONVERSION = YES;
				CLANG_WARN_OBJC_ROOT_CLASS = YES_ERROR;
				CLANG_WARN_RANGE_LOOP_ANALYSIS = YES;
				CLANG_WARN_STRICT_PROTOTYPES = YES;
				CLANG_WARN_SUSPICIOUS_MOVE = YES;
				CLANG_WARN_UNGUARDED_AVAILABILITY = YES_AGGRESSIVE;
				CLANG_WARN_UNREACHABLE_CODE = YES;
				CLANG_WARN__DUPLICATE_METHOD_MATCH = YES;
				CODE_SIGN_IDENTITY = "iPhone Developer";
				COPY_PHASE_STRIP = NO;
				DEBUG_INFORMATION_FORMAT = dwarf;
				ENABLE_STRICT_OBJC_MSGSEND = YES;
				ENABLE_TESTABILITY = YES;
				GCC_C_LANGUAGE_STANDARD = gnu11;
				GCC_DYNAMIC_NO_PIC = NO;
				GCC_NO_COMMON_BLOCKS = YES;
				GCC_OPTIMIZATION_LEVEL = 0;
				GCC_PREPROCESSOR_DEFINITIONS = (
					"DEBUG=1",
					"$(inherited)",
				);
				GCC_WARN_64_TO_32_BIT_CONVERSION = YES;
				GCC_WARN_ABOUT_RETURN_TYPE = YES_ERROR;
				GCC_WARN_UNDECLARED_SELECTOR = YES;
				GCC_WARN_UNINITIALIZED_AUTOS = YES_AGGRESSIVE;
				GCC_WARN_UNUSED_FUNCTION = YES;
				GCC_WARN_UNUSED_VARIABLE = YES;
				IPHONEOS_DEPLOYMENT_TARGET = 11.3;
				MTL_ENABLE_DEBUG_INFO = YES;
				ONLY_ACTIVE_ARCH = YES;
				SDKROOT = iphoneos;
				SWIFT_ACTIVE_COMPILATION_CONDITIONS = DEBUG;
				SWIFT_OPTIMIZATION_LEVEL = "-Onone";
			};
			name = Debug;
		};
		8473D58E20C4B80100C663CE /* Release */ = {
			isa = XCBuildConfiguration;
			buildSettings = {
				ALWAYS_SEARCH_USER_PATHS = NO;
				CLANG_ANALYZER_NONNULL = YES;
				CLANG_ANALYZER_NUMBER_OBJECT_CONVERSION = YES_AGGRESSIVE;
				CLANG_CXX_LANGUAGE_STANDARD = "gnu++14";
				CLANG_CXX_LIBRARY = "libc++";
				CLANG_ENABLE_MODULES = YES;
				CLANG_ENABLE_OBJC_ARC = YES;
				CLANG_ENABLE_OBJC_WEAK = YES;
				CLANG_WARN_BLOCK_CAPTURE_AUTORELEASING = YES;
				CLANG_WARN_BOOL_CONVERSION = YES;
				CLANG_WARN_COMMA = YES;
				CLANG_WARN_CONSTANT_CONVERSION = YES;
				CLANG_WARN_DEPRECATED_OBJC_IMPLEMENTATIONS = YES;
				CLANG_WARN_DIRECT_OBJC_ISA_USAGE = YES_ERROR;
				CLANG_WARN_DOCUMENTATION_COMMENTS = YES;
				CLANG_WARN_EMPTY_BODY = YES;
				CLANG_WARN_ENUM_CONVERSION = YES;
				CLANG_WARN_INFINITE_RECURSION = YES;
				CLANG_WARN_INT_CONVERSION = YES;
				CLANG_WARN_NON_LITERAL_NULL_CONVERSION = YES;
				CLANG_WARN_OBJC_IMPLICIT_RETAIN_SELF = YES;
				CLANG_WARN_OBJC_LITERAL_CONVERSION = YES;
				CLANG_WARN_OBJC_ROOT_CLASS = YES_ERROR;
				CLANG_WARN_RANGE_LOOP_ANALYSIS = YES;
				CLANG_WARN_STRICT_PROTOTYPES = YES;
				CLANG_WARN_SUSPICIOUS_MOVE = YES;
				CLANG_WARN_UNGUARDED_AVAILABILITY = YES_AGGRESSIVE;
				CLANG_WARN_UNREACHABLE_CODE = YES;
				CLANG_WARN__DUPLICATE_METHOD_MATCH = YES;
				CODE_SIGN_IDENTITY = "iPhone Developer";
				COPY_PHASE_STRIP = NO;
				DEBUG_INFORMATION_FORMAT = "dwarf-with-dsym";
				ENABLE_NS_ASSERTIONS = NO;
				ENABLE_STRICT_OBJC_MSGSEND = YES;
				GCC_C_LANGUAGE_STANDARD = gnu11;
				GCC_NO_COMMON_BLOCKS = YES;
				GCC_WARN_64_TO_32_BIT_CONVERSION = YES;
				GCC_WARN_ABOUT_RETURN_TYPE = YES_ERROR;
				GCC_WARN_UNDECLARED_SELECTOR = YES;
				GCC_WARN_UNINITIALIZED_AUTOS = YES_AGGRESSIVE;
				GCC_WARN_UNUSED_FUNCTION = YES;
				GCC_WARN_UNUSED_VARIABLE = YES;
				IPHONEOS_DEPLOYMENT_TARGET = 11.3;
				MTL_ENABLE_DEBUG_INFO = NO;
				SDKROOT = iphoneos;
				SWIFT_COMPILATION_MODE = wholemodule;
				SWIFT_OPTIMIZATION_LEVEL = "-O";
				VALIDATE_PRODUCT = YES;
			};
			name = Release;
		};
		8473D59020C4B80100C663CE /* Debug */ = {
			isa = XCBuildConfiguration;
			baseConfigurationReference = 6D6D9EC5A7E242DEE89611A5 /* Pods-RoomieDataTester.debug.xcconfig */;
			buildSettings = {
				ASSETCATALOG_COMPILER_APPICON_NAME = AppIcon;
				CODE_SIGN_STYLE = Automatic;
				INFOPLIST_FILE = RoomieDataTester/Info.plist;
				LD_RUNPATH_SEARCH_PATHS = "$(inherited) @executable_path/Frameworks";
				PRODUCT_BUNDLE_IDENTIFIER = com.ZRich97.RoomieDataTester;
				PRODUCT_NAME = "$(TARGET_NAME)";
				SWIFT_VERSION = 4.0;
				TARGETED_DEVICE_FAMILY = "1,2";
			};
			name = Debug;
		};
		8473D59120C4B80100C663CE /* Release */ = {
			isa = XCBuildConfiguration;
			baseConfigurationReference = 69583DB423A210C25F77574F /* Pods-RoomieDataTester.release.xcconfig */;
			buildSettings = {
				ASSETCATALOG_COMPILER_APPICON_NAME = AppIcon;
				CODE_SIGN_STYLE = Automatic;
				INFOPLIST_FILE = RoomieDataTester/Info.plist;
				LD_RUNPATH_SEARCH_PATHS = "$(inherited) @executable_path/Frameworks";
				PRODUCT_BUNDLE_IDENTIFIER = com.ZRich97.RoomieDataTester;
				PRODUCT_NAME = "$(TARGET_NAME)";
				SWIFT_VERSION = 4.0;
				TARGETED_DEVICE_FAMILY = "1,2";
			};
			name = Release;
		};
		8473D59320C4B80100C663CE /* Debug */ = {
			isa = XCBuildConfiguration;
			baseConfigurationReference = 878E479E29F00F1D9E661698 /* Pods-RoomieDataTesterTests.debug.xcconfig */;
			buildSettings = {
				ALWAYS_EMBED_SWIFT_STANDARD_LIBRARIES = YES;
				BUNDLE_LOADER = "$(TEST_HOST)";
				CODE_SIGN_STYLE = Automatic;
				INFOPLIST_FILE = RoomieDataTesterTests/Info.plist;
				LD_RUNPATH_SEARCH_PATHS = "$(inherited) @executable_path/Frameworks @loader_path/Frameworks";
				PRODUCT_BUNDLE_IDENTIFIER = com.ZRich97.RoomieDataTesterTests;
				PRODUCT_NAME = "$(TARGET_NAME)";
				SWIFT_VERSION = 4.0;
				TARGETED_DEVICE_FAMILY = "1,2";
				TEST_HOST = "$(BUILT_PRODUCTS_DIR)/RoomieDataTester.app/RoomieDataTester";
			};
			name = Debug;
		};
		8473D59420C4B80100C663CE /* Release */ = {
			isa = XCBuildConfiguration;
			baseConfigurationReference = 5686A6B48D5BE06AB4236A3F /* Pods-RoomieDataTesterTests.release.xcconfig */;
			buildSettings = {
				ALWAYS_EMBED_SWIFT_STANDARD_LIBRARIES = YES;
				BUNDLE_LOADER = "$(TEST_HOST)";
				CODE_SIGN_STYLE = Automatic;
				INFOPLIST_FILE = RoomieDataTesterTests/Info.plist;
				LD_RUNPATH_SEARCH_PATHS = "$(inherited) @executable_path/Frameworks @loader_path/Frameworks";
				PRODUCT_BUNDLE_IDENTIFIER = com.ZRich97.RoomieDataTesterTests;
				PRODUCT_NAME = "$(TARGET_NAME)";
				SWIFT_VERSION = 4.0;
				TARGETED_DEVICE_FAMILY = "1,2";
				TEST_HOST = "$(BUILT_PRODUCTS_DIR)/RoomieDataTester.app/RoomieDataTester";
			};
			name = Release;
		};
		8473D59620C4B80100C663CE /* Debug */ = {
			isa = XCBuildConfiguration;
			baseConfigurationReference = 2C544E9B102DAA694AB4C514 /* Pods-RoomieDataTesterUITests.debug.xcconfig */;
			buildSettings = {
				ALWAYS_EMBED_SWIFT_STANDARD_LIBRARIES = YES;
				CODE_SIGN_STYLE = Automatic;
				INFOPLIST_FILE = RoomieDataTesterUITests/Info.plist;
				LD_RUNPATH_SEARCH_PATHS = "$(inherited) @executable_path/Frameworks @loader_path/Frameworks";
				PRODUCT_BUNDLE_IDENTIFIER = com.ZRich97.RoomieDataTesterUITests;
				PRODUCT_NAME = "$(TARGET_NAME)";
				SWIFT_VERSION = 4.0;
				TARGETED_DEVICE_FAMILY = "1,2";
				TEST_TARGET_NAME = RoomieDataTester;
			};
			name = Debug;
		};
		8473D59720C4B80100C663CE /* Release */ = {
			isa = XCBuildConfiguration;
			baseConfigurationReference = A7D98A4C09E2FB1227B9F61D /* Pods-RoomieDataTesterUITests.release.xcconfig */;
			buildSettings = {
				ALWAYS_EMBED_SWIFT_STANDARD_LIBRARIES = YES;
				CODE_SIGN_STYLE = Automatic;
				INFOPLIST_FILE = RoomieDataTesterUITests/Info.plist;
				LD_RUNPATH_SEARCH_PATHS = "$(inherited) @executable_path/Frameworks @loader_path/Frameworks";
				PRODUCT_BUNDLE_IDENTIFIER = com.ZRich97.RoomieDataTesterUITests;
				PRODUCT_NAME = "$(TARGET_NAME)";
				SWIFT_VERSION = 4.0;
				TARGETED_DEVICE_FAMILY = "1,2";
				TEST_TARGET_NAME = RoomieDataTester;
			};
			name = Release;
		};
/* End XCBuildConfiguration section */

/* Begin XCConfigurationList section */
		8473D56220C4B7FD00C663CE /* Build configuration list for PBXProject "RoomieDataTester" */ = {
			isa = XCConfigurationList;
			buildConfigurations = (
				8473D58D20C4B80100C663CE /* Debug */,
				8473D58E20C4B80100C663CE /* Release */,
			);
			defaultConfigurationIsVisible = 0;
			defaultConfigurationName = Release;
		};
		8473D58F20C4B80100C663CE /* Build configuration list for PBXNativeTarget "RoomieDataTester" */ = {
			isa = XCConfigurationList;
			buildConfigurations = (
				8473D59020C4B80100C663CE /* Debug */,
				8473D59120C4B80100C663CE /* Release */,
			);
			defaultConfigurationIsVisible = 0;
			defaultConfigurationName = Release;
		};
		8473D59220C4B80100C663CE /* Build configuration list for PBXNativeTarget "RoomieDataTesterTests" */ = {
			isa = XCConfigurationList;
			buildConfigurations = (
				8473D59320C4B80100C663CE /* Debug */,
				8473D59420C4B80100C663CE /* Release */,
			);
			defaultConfigurationIsVisible = 0;
			defaultConfigurationName = Release;
		};
		8473D59520C4B80100C663CE /* Build configuration list for PBXNativeTarget "RoomieDataTesterUITests" */ = {
			isa = XCConfigurationList;
			buildConfigurations = (
				8473D59620C4B80100C663CE /* Debug */,
				8473D59720C4B80100C663CE /* Release */,
			);
			defaultConfigurationIsVisible = 0;
			defaultConfigurationName = Release;
		};
/* End XCConfigurationList section */
	};
	rootObject = 8473D55F20C4B7FD00C663CE /* Project object */;
}
